
Microsoft Visual Studio Solution File, Format Version 12.00
# Visual Studio Version 17
VisualStudioVersion = 17.3.32901.215
MinimumVisualStudioVersion = 10.0.40219.1
Project("{FAE04EC0-301F-11D3-BF4B-00C04F79EFBC}") = "StackUsingLinkedList_CSharp", "StackUsingLinkedList_CSharp.csproj", "{4A04F4F7-734D-4FC3-969F-C39F880E62C7}"
EndProject
Global
	GlobalSection(SolutionConfigurationPlatforms) = preSolution
		Debug|Any CPU = Debug|Any CPU
		Release|Any CPU = Release|Any CPU
	EndGlobalSection
	GlobalSection(ProjectConfigurationPlatforms) = postSolution
		{4A04F4F7-734D-4FC3-969F-C39F880E62C7}.Debug|Any CPU.ActiveCfg = Debug|Any CPU
		{4A04F4F7-734D-4FC3-969F-C39F880E62C7}.Debug|Any CPU.Build.0 = Debug|Any CPU
		{4A04F4F7-734D-4FC3-969F-C39F880E62C7}.Release|Any CPU.ActiveCfg = Release|Any CPU
		{4A04F4F7-734D-4FC3-969F-C39F880E62C7}.Release|Any CPU.Build.0 = Release|Any CPU
	EndGlobalSection
	GlobalSection(SolutionProperties) = preSolution
		HideSolutionNode = FALSE
	EndGlobalSection
	GlobalSection(ExtensibilityGlobals) = postSolution
		SolutionGuid = {282A5A82-60A6-41A4-88B1-B77B8DDF6544}
	EndGlobalSection
EndGlobal
